
Microsoft Visual Studio Solution File, Format Version 12.00
# Visual Studio Version 17
VisualStudioVersion = 17.13.35825.156
MinimumVisualStudioVersion = 10.0.40219.1
Project("{FAE04EC0-301F-11D3-BF4B-00C04F79EFBC}") = "MovieLibrary", "MovieLibrary.csproj", "{13B5FE23-97E1-435D-8988-3F2B5EFE91D6}"
EndProject
Project("{FAE04EC0-301F-11D3-BF4B-00C04F79EFBC}") = "MovieLibraryBDL", "MovieLibraryBDL\MovieLibraryBDL.csproj", "{9BFC3B77-B362-4A18-812F-AD54F822AA7C}"
EndProject
Project("{FAE04EC0-301F-11D3-BF4B-00C04F79EFBC}") = "MovieLibraryData", "MovieLibraryHandleAccounts\MovieLibraryData.csproj", "{FA873D78-5E01-4692-87E7-62B543422320}"
EndProject
Project("{FAE04EC0-301F-11D3-BF4B-00C04F79EFBC}") = "MovieLibraryCommon", "MovieLibraryCommon\MovieLibraryCommon.csproj", "{BBB8C908-39E5-4A0A-A9CE-35BF914287FF}"
EndProject
Global
	GlobalSection(SolutionConfigurationPlatforms) = preSolution
		Debug|Any CPU = Debug|Any CPU
		Release|Any CPU = Release|Any CPU
	EndGlobalSection
	GlobalSection(ProjectConfigurationPlatforms) = postSolution
		{13B5FE23-97E1-435D-8988-3F2B5EFE91D6}.Debug|Any CPU.ActiveCfg = Debug|Any CPU
		{13B5FE23-97E1-435D-8988-3F2B5EFE91D6}.Debug|Any CPU.Build.0 = Debug|Any CPU
		{13B5FE23-97E1-435D-8988-3F2B5EFE91D6}.Release|Any CPU.ActiveCfg = Release|Any CPU
		{13B5FE23-97E1-435D-8988-3F2B5EFE91D6}.Release|Any CPU.Build.0 = Release|Any CPU
		{9BFC3B77-B362-4A18-812F-AD54F822AA7C}.Debug|Any CPU.ActiveCfg = Debug|Any CPU
		{9BFC3B77-B362-4A18-812F-AD54F822AA7C}.Debug|Any CPU.Build.0 = Debug|Any CPU
		{9BFC3B77-B362-4A18-812F-AD54F822AA7C}.Release|Any CPU.ActiveCfg = Release|Any CPU
		{9BFC3B77-B362-4A18-812F-AD54F822AA7C}.Release|Any CPU.Build.0 = Release|Any CPU
		{FA873D78-5E01-4692-87E7-62B543422320}.Debug|Any CPU.ActiveCfg = Debug|Any CPU
		{FA873D78-5E01-4692-87E7-62B543422320}.Debug|Any CPU.Build.0 = Debug|Any CPU
		{FA873D78-5E01-4692-87E7-62B543422320}.Release|Any CPU.ActiveCfg = Release|Any CPU
		{FA873D78-5E01-4692-87E7-62B543422320}.Release|Any CPU.Build.0 = Release|Any CPU
		{BBB8C908-39E5-4A0A-A9CE-35BF914287FF}.Debug|Any CPU.ActiveCfg = Debug|Any CPU
		{BBB8C908-39E5-4A0A-A9CE-35BF914287FF}.Debug|Any CPU.Build.0 = Debug|Any CPU
		{BBB8C908-39E5-4A0A-A9CE-35BF914287FF}.Release|Any CPU.ActiveCfg = Release|Any CPU
		{BBB8C908-39E5-4A0A-A9CE-35BF914287FF}.Release|Any CPU.Build.0 = Release|Any CPU
	EndGlobalSection
	GlobalSection(SolutionProperties) = preSolution
		HideSolutionNode = FALSE
	EndGlobalSection
	GlobalSection(ExtensibilityGlobals) = postSolution
		SolutionGuid = {05D9CC5F-85DF-4A8E-9377-A120CA581C0F}
	EndGlobalSection
EndGlobal
