
Microsoft Visual Studio Solution File, Format Version 12.00
# Visual Studio Version 17
VisualStudioVersion = 17.14.36121.58 d17.14
MinimumVisualStudioVersion = 10.0.40219.1
Project("{FAE04EC0-301F-11D3-BF4B-00C04F79EFBC}") = "MovieLibraryUI", "MovieLibraryUI.csproj", "{B3B97D3B-C411-4737-851B-F1FE18132559}"
EndProject
Global
	GlobalSection(SolutionConfigurationPlatforms) = preSolution
		Debug|Any CPU = Debug|Any CPU
		Release|Any CPU = Release|Any CPU
	EndGlobalSection
	GlobalSection(ProjectConfigurationPlatforms) = postSolution
		{B3B97D3B-C411-4737-851B-F1FE18132559}.Debug|Any CPU.ActiveCfg = Debug|Any CPU
		{B3B97D3B-C411-4737-851B-F1FE18132559}.Debug|Any CPU.Build.0 = Debug|Any CPU
		{B3B97D3B-C411-4737-851B-F1FE18132559}.Release|Any CPU.ActiveCfg = Release|Any CPU
		{B3B97D3B-C411-4737-851B-F1FE18132559}.Release|Any CPU.Build.0 = Release|Any CPU
	EndGlobalSection
	GlobalSection(SolutionProperties) = preSolution
		HideSolutionNode = FALSE
	EndGlobalSection
	GlobalSection(ExtensibilityGlobals) = postSolution
		SolutionGuid = {47C232B7-8CE9-4DCE-94B6-9F770315F5AD}
	EndGlobalSection
EndGlobal
